// !$*UTF8*$!
{
	archiveVersion = 1;
	classes = {
	};
	objectVersion = 46;
	objects = {

/* Begin PBXBuildFile section */
		8C92FA4B1C1C8BF80089D942 /* SplitViewController.swift in Sources */ = {isa = PBXBuildFile; fileRef = 8C92FA4A1C1C8BF80089D942 /* SplitViewController.swift */; };
		8C92FA4D1C1C8CD80089D942 /* DetailViewController.swift in Sources */ = {isa = PBXBuildFile; fileRef = 8C92FA4C1C1C8CD80089D942 /* DetailViewController.swift */; };
		ABA13A91103609894242BD95 /* Pods_RBHS.framework in Frameworks */ = {isa = PBXBuildFile; fileRef = A3DA24A152B6ED5BC3217529 /* Pods_RBHS.framework */; };
		C31D85771C1DEC9000A94A6D /* ILTSelectorVC.swift in Sources */ = {isa = PBXBuildFile; fileRef = C31D85761C1DEC9000A94A6D /* ILTSelectorVC.swift */; };
		C355DA861C16A11900E55D67 /* LoginVC.swift in Sources */ = {isa = PBXBuildFile; fileRef = C355DA851C16A11900E55D67 /* LoginVC.swift */; };
		C37DD45F1C1C7F8400AC4F41 /* GoogleService-Info.plist in Resources */ = {isa = PBXBuildFile; fileRef = C37DD45E1C1C7F8400AC4F41 /* GoogleService-Info.plist */; };
		C3A5BF3E1C1FA0EF0056E562 /* scheduleModViewCell.swift in Sources */ = {isa = PBXBuildFile; fileRef = C3A5BF3D1C1FA0EF0056E562 /* scheduleModViewCell.swift */; };
		C3AF94861C134BED00503DD4 /* AppDelegate.swift in Sources */ = {isa = PBXBuildFile; fileRef = C3AF94851C134BED00503DD4 /* AppDelegate.swift */; };
		C3AF948B1C134BED00503DD4 /* Main.storyboard in Resources */ = {isa = PBXBuildFile; fileRef = C3AF94891C134BED00503DD4 /* Main.storyboard */; };
		C3AF948E1C134BED00503DD4 /* RBHS.xcdatamodeld in Sources */ = {isa = PBXBuildFile; fileRef = C3AF948C1C134BED00503DD4 /* RBHS.xcdatamodeld */; };
		C3AF94901C134BED00503DD4 /* Assets.xcassets in Resources */ = {isa = PBXBuildFile; fileRef = C3AF948F1C134BED00503DD4 /* Assets.xcassets */; };
		C3AF94931C134BED00503DD4 /* LaunchScreen.storyboard in Resources */ = {isa = PBXBuildFile; fileRef = C3AF94911C134BED00503DD4 /* LaunchScreen.storyboard */; };
		C3AF949C1C134C3F00503DD4 /* Bolts.framework in Frameworks */ = {isa = PBXBuildFile; fileRef = C3AF949A1C134C3F00503DD4 /* Bolts.framework */; };
		C3AF949D1C134C3F00503DD4 /* Parse.framework in Frameworks */ = {isa = PBXBuildFile; fileRef = C3AF949B1C134C3F00503DD4 /* Parse.framework */; };
		C3AF94A21C134CCA00503DD4 /* schoolName@3x.png in Resources */ = {isa = PBXBuildFile; fileRef = C3AF949F1C134CCA00503DD4 /* schoolName@3x.png */; };
		C3AF94A31C134CCA00503DD4 /* schoolName@2x.png in Resources */ = {isa = PBXBuildFile; fileRef = C3AF94A01C134CCA00503DD4 /* schoolName@2x.png */; };
		C3AF94A41C134CCA00503DD4 /* schoolName@1x.png in Resources */ = {isa = PBXBuildFile; fileRef = C3AF94A11C134CCA00503DD4 /* schoolName@1x.png */; };
		C3AF94B11C134CF000503DD4 /* ScheduleVC.swift in Sources */ = {isa = PBXBuildFile; fileRef = C3AF94A61C134CF000503DD4 /* ScheduleVC.swift */; };
		C3AF94B21C134CF000503DD4 /* CategoryRow.swift in Sources */ = {isa = PBXBuildFile; fileRef = C3AF94A71C134CF000503DD4 /* CategoryRow.swift */; };
		C3AF94B31C134CF000503DD4 /* TeacherVC.swift in Sources */ = {isa = PBXBuildFile; fileRef = C3AF94A81C134CF000503DD4 /* TeacherVC.swift */; };
		C3AF94B41C134CF000503DD4 /* PointsVC.swift in Sources */ = {isa = PBXBuildFile; fileRef = C3AF94A91C134CF000503DD4 /* PointsVC.swift */; };
		C3AF94B51C134CF000503DD4 /* SchoolVC.swift in Sources */ = {isa = PBXBuildFile; fileRef = C3AF94AA1C134CF000503DD4 /* SchoolVC.swift */; };
		C3AF94B61C134CF000503DD4 /* HelpVC.swift in Sources */ = {isa = PBXBuildFile; fileRef = C3AF94AB1C134CF000503DD4 /* HelpVC.swift */; };
		C3AF94B71C134CF000503DD4 /* HeaderCell.swift in Sources */ = {isa = PBXBuildFile; fileRef = C3AF94AC1C134CF000503DD4 /* HeaderCell.swift */; };
		C3AF94B81C134CF000503DD4 /* VideoCell.swift in Sources */ = {isa = PBXBuildFile; fileRef = C3AF94AD1C134CF000503DD4 /* VideoCell.swift */; };
		C3AF94B91C134CF000503DD4 /* HelpNavbar.swift in Sources */ = {isa = PBXBuildFile; fileRef = C3AF94AE1C134CF000503DD4 /* HelpNavbar.swift */; };
		C3AF94BA1C134CF000503DD4 /* DetailPage.swift in Sources */ = {isa = PBXBuildFile; fileRef = C3AF94AF1C134CF000503DD4 /* DetailPage.swift */; };
		C3AF94BB1C134CF000503DD4 /* HOSVC.swift in Sources */ = {isa = PBXBuildFile; fileRef = C3AF94B01C134CF000503DD4 /* HOSVC.swift */; };
		C3AF94BD1C134D7300503DD4 /* SystemConfiguration.framework in Frameworks */ = {isa = PBXBuildFile; fileRef = C3AF94BC1C134D7300503DD4 /* SystemConfiguration.framework */; };
		C3AF94BF1C134D7B00503DD4 /* libsqlite3.tbd in Frameworks */ = {isa = PBXBuildFile; fileRef = C3AF94BE1C134D7B00503DD4 /* libsqlite3.tbd */; };
		C3AF94C11C134D8300503DD4 /* libz.tbd in Frameworks */ = {isa = PBXBuildFile; fileRef = C3AF94C01C134D8300503DD4 /* libz.tbd */; };
		C3AF94C51C134D9900503DD4 /* Security.framework in Frameworks */ = {isa = PBXBuildFile; fileRef = C3AF94C41C134D9900503DD4 /* Security.framework */; };
		C3AF94C71C134D9E00503DD4 /* QuartzCore.framework in Frameworks */ = {isa = PBXBuildFile; fileRef = C3AF94C61C134D9E00503DD4 /* QuartzCore.framework */; };
		C3AF94C91C134DA300503DD4 /* CoreLocation.framework in Frameworks */ = {isa = PBXBuildFile; fileRef = C3AF94C81C134DA300503DD4 /* CoreLocation.framework */; };
		C3AF94CB1C134DA900503DD4 /* CoreGraphics.framework in Frameworks */ = {isa = PBXBuildFile; fileRef = C3AF94CA1C134DA900503DD4 /* CoreGraphics.framework */; };
		C3AF94CD1C134DAE00503DD4 /* CFNetwork.framework in Frameworks */ = {isa = PBXBuildFile; fileRef = C3AF94CC1C134DAE00503DD4 /* CFNetwork.framework */; };
		C3AF94CF1C134DB400503DD4 /* AudioToolbox.framework in Frameworks */ = {isa = PBXBuildFile; fileRef = C3AF94CE1C134DB400503DD4 /* AudioToolbox.framework */; };
		C3AF94D81C13754900503DD4 /* 1logo@1x.png in Resources */ = {isa = PBXBuildFile; fileRef = C3AF94D51C13754900503DD4 /* 1logo@1x.png */; };
		C3AF94D91C13754900503DD4 /* 1logo@2x.png in Resources */ = {isa = PBXBuildFile; fileRef = C3AF94D61C13754900503DD4 /* 1logo@2x.png */; };
		C3AF94DA1C13754900503DD4 /* 1logo@3x.png in Resources */ = {isa = PBXBuildFile; fileRef = C3AF94D71C13754900503DD4 /* 1logo@3x.png */; };
		C3AF94DF1C13886B00503DD4 /* PowerSchoolVC.swift in Sources */ = {isa = PBXBuildFile; fileRef = C3AF94DE1C13886B00503DD4 /* PowerSchoolVC.swift */; };
/* End PBXBuildFile section */

/* Begin PBXFileReference section */
		7FEB3AE29932281E55E7ABC2 /* Pods-RBHS.debug.xcconfig */ = {isa = PBXFileReference; includeInIndex = 1; lastKnownFileType = text.xcconfig; name = "Pods-RBHS.debug.xcconfig"; path = "Pods/Target Support Files/Pods-RBHS/Pods-RBHS.debug.xcconfig"; sourceTree = "<group>"; };
		8C92FA4A1C1C8BF80089D942 /* SplitViewController.swift */ = {isa = PBXFileReference; fileEncoding = 4; lastKnownFileType = sourcecode.swift; path = SplitViewController.swift; sourceTree = "<group>"; };
		8C92FA4C1C1C8CD80089D942 /* DetailViewController.swift */ = {isa = PBXFileReference; fileEncoding = 4; lastKnownFileType = sourcecode.swift; path = DetailViewController.swift; sourceTree = "<group>"; };
		9D0291FE08C622B2484BA748 /* Pods-RBHS.release.xcconfig */ = {isa = PBXFileReference; includeInIndex = 1; lastKnownFileType = text.xcconfig; name = "Pods-RBHS.release.xcconfig"; path = "Pods/Target Support Files/Pods-RBHS/Pods-RBHS.release.xcconfig"; sourceTree = "<group>"; };
		A3DA24A152B6ED5BC3217529 /* Pods_RBHS.framework */ = {isa = PBXFileReference; explicitFileType = wrapper.framework; includeInIndex = 0; path = Pods_RBHS.framework; sourceTree = BUILT_PRODUCTS_DIR; };
		C31D85761C1DEC9000A94A6D /* ILTSelectorVC.swift */ = {isa = PBXFileReference; fileEncoding = 4; lastKnownFileType = sourcecode.swift; path = ILTSelectorVC.swift; sourceTree = "<group>"; };
		C355DA851C16A11900E55D67 /* LoginVC.swift */ = {isa = PBXFileReference; fileEncoding = 4; lastKnownFileType = sourcecode.swift; path = LoginVC.swift; sourceTree = "<group>"; };
		C37DD45E1C1C7F8400AC4F41 /* GoogleService-Info.plist */ = {isa = PBXFileReference; fileEncoding = 4; lastKnownFileType = text.plist.xml; path = "GoogleService-Info.plist"; sourceTree = "<group>"; };
		C3A5BF3D1C1FA0EF0056E562 /* scheduleModViewCell.swift */ = {isa = PBXFileReference; fileEncoding = 4; lastKnownFileType = sourcecode.swift; path = scheduleModViewCell.swift; sourceTree = "<group>"; };
		C3AF94821C134BED00503DD4 /* RBHS.app */ = {isa = PBXFileReference; explicitFileType = wrapper.application; includeInIndex = 0; path = RBHS.app; sourceTree = BUILT_PRODUCTS_DIR; };
		C3AF94851C134BED00503DD4 /* AppDelegate.swift */ = {isa = PBXFileReference; lastKnownFileType = sourcecode.swift; path = AppDelegate.swift; sourceTree = "<group>"; };
		C3AF948A1C134BED00503DD4 /* Base */ = {isa = PBXFileReference; lastKnownFileType = file.storyboard; name = Base; path = Base.lproj/Main.storyboard; sourceTree = "<group>"; };
		C3AF948D1C134BED00503DD4 /* RBHS.xcdatamodel */ = {isa = PBXFileReference; lastKnownFileType = wrapper.xcdatamodel; path = RBHS.xcdatamodel; sourceTree = "<group>"; };
		C3AF948F1C134BED00503DD4 /* Assets.xcassets */ = {isa = PBXFileReference; lastKnownFileType = folder.assetcatalog; path = Assets.xcassets; sourceTree = "<group>"; };
		C3AF94921C134BED00503DD4 /* Base */ = {isa = PBXFileReference; lastKnownFileType = file.storyboard; name = Base; path = Base.lproj/LaunchScreen.storyboard; sourceTree = "<group>"; };
		C3AF94941C134BED00503DD4 /* Info.plist */ = {isa = PBXFileReference; lastKnownFileType = text.plist.xml; path = Info.plist; sourceTree = "<group>"; };
		C3AF949A1C134C3F00503DD4 /* Bolts.framework */ = {isa = PBXFileReference; lastKnownFileType = wrapper.framework; path = Bolts.framework; sourceTree = "<group>"; };
		C3AF949B1C134C3F00503DD4 /* Parse.framework */ = {isa = PBXFileReference; lastKnownFileType = wrapper.framework; path = Parse.framework; sourceTree = "<group>"; };
		C3AF949F1C134CCA00503DD4 /* schoolName@3x.png */ = {isa = PBXFileReference; lastKnownFileType = image.png; path = "schoolName@3x.png"; sourceTree = "<group>"; };
		C3AF94A01C134CCA00503DD4 /* schoolName@2x.png */ = {isa = PBXFileReference; lastKnownFileType = image.png; path = "schoolName@2x.png"; sourceTree = "<group>"; };
		C3AF94A11C134CCA00503DD4 /* schoolName@1x.png */ = {isa = PBXFileReference; lastKnownFileType = image.png; path = "schoolName@1x.png"; sourceTree = "<group>"; };
		C3AF94A61C134CF000503DD4 /* ScheduleVC.swift */ = {isa = PBXFileReference; fileEncoding = 4; lastKnownFileType = sourcecode.swift; path = ScheduleVC.swift; sourceTree = "<group>"; };
		C3AF94A71C134CF000503DD4 /* CategoryRow.swift */ = {isa = PBXFileReference; fileEncoding = 4; lastKnownFileType = sourcecode.swift; path = CategoryRow.swift; sourceTree = "<group>"; };
		C3AF94A81C134CF000503DD4 /* TeacherVC.swift */ = {isa = PBXFileReference; fileEncoding = 4; lastKnownFileType = sourcecode.swift; path = TeacherVC.swift; sourceTree = "<group>"; };
		C3AF94A91C134CF000503DD4 /* PointsVC.swift */ = {isa = PBXFileReference; fileEncoding = 4; lastKnownFileType = sourcecode.swift; path = PointsVC.swift; sourceTree = "<group>"; };
		C3AF94AA1C134CF000503DD4 /* SchoolVC.swift */ = {isa = PBXFileReference; fileEncoding = 4; lastKnownFileType = sourcecode.swift; path = SchoolVC.swift; sourceTree = "<group>"; };
		C3AF94AB1C134CF000503DD4 /* HelpVC.swift */ = {isa = PBXFileReference; fileEncoding = 4; lastKnownFileType = sourcecode.swift; path = HelpVC.swift; sourceTree = "<group>"; };
		C3AF94AC1C134CF000503DD4 /* HeaderCell.swift */ = {isa = PBXFileReference; fileEncoding = 4; lastKnownFileType = sourcecode.swift; path = HeaderCell.swift; sourceTree = "<group>"; };
		C3AF94AD1C134CF000503DD4 /* VideoCell.swift */ = {isa = PBXFileReference; fileEncoding = 4; lastKnownFileType = sourcecode.swift; path = VideoCell.swift; sourceTree = "<group>"; };
		C3AF94AE1C134CF000503DD4 /* HelpNavbar.swift */ = {isa = PBXFileReference; fileEncoding = 4; lastKnownFileType = sourcecode.swift; path = HelpNavbar.swift; sourceTree = "<group>"; };
		C3AF94AF1C134CF000503DD4 /* DetailPage.swift */ = {isa = PBXFileReference; fileEncoding = 4; lastKnownFileType = sourcecode.swift; path = DetailPage.swift; sourceTree = "<group>"; };
		C3AF94B01C134CF000503DD4 /* HOSVC.swift */ = {isa = PBXFileReference; fileEncoding = 4; lastKnownFileType = sourcecode.swift; path = HOSVC.swift; sourceTree = "<group>"; };
		C3AF94BC1C134D7300503DD4 /* SystemConfiguration.framework */ = {isa = PBXFileReference; lastKnownFileType = wrapper.framework; name = SystemConfiguration.framework; path = System/Library/Frameworks/SystemConfiguration.framework; sourceTree = SDKROOT; };
		C3AF94BE1C134D7B00503DD4 /* libsqlite3.tbd */ = {isa = PBXFileReference; lastKnownFileType = "sourcecode.text-based-dylib-definition"; name = libsqlite3.tbd; path = usr/lib/libsqlite3.tbd; sourceTree = SDKROOT; };
		C3AF94C01C134D8300503DD4 /* libz.tbd */ = {isa = PBXFileReference; lastKnownFileType = "sourcecode.text-based-dylib-definition"; name = libz.tbd; path = usr/lib/libz.tbd; sourceTree = SDKROOT; };
		C3AF94C41C134D9900503DD4 /* Security.framework */ = {isa = PBXFileReference; lastKnownFileType = wrapper.framework; name = Security.framework; path = System/Library/Frameworks/Security.framework; sourceTree = SDKROOT; };
		C3AF94C61C134D9E00503DD4 /* QuartzCore.framework */ = {isa = PBXFileReference; lastKnownFileType = wrapper.framework; name = QuartzCore.framework; path = System/Library/Frameworks/QuartzCore.framework; sourceTree = SDKROOT; };
		C3AF94C81C134DA300503DD4 /* CoreLocation.framework */ = {isa = PBXFileReference; lastKnownFileType = wrapper.framework; name = CoreLocation.framework; path = System/Library/Frameworks/CoreLocation.framework; sourceTree = SDKROOT; };
		C3AF94CA1C134DA900503DD4 /* CoreGraphics.framework */ = {isa = PBXFileReference; lastKnownFileType = wrapper.framework; name = CoreGraphics.framework; path = System/Library/Frameworks/CoreGraphics.framework; sourceTree = SDKROOT; };
		C3AF94CC1C134DAE00503DD4 /* CFNetwork.framework */ = {isa = PBXFileReference; lastKnownFileType = wrapper.framework; name = CFNetwork.framework; path = System/Library/Frameworks/CFNetwork.framework; sourceTree = SDKROOT; };
		C3AF94CE1C134DB400503DD4 /* AudioToolbox.framework */ = {isa = PBXFileReference; lastKnownFileType = wrapper.framework; name = AudioToolbox.framework; path = System/Library/Frameworks/AudioToolbox.framework; sourceTree = SDKROOT; };
		C3AF94D21C1356AA00503DD4 /* RBHS-Bridging-Header.h */ = {isa = PBXFileReference; lastKnownFileType = sourcecode.c.h; path = "RBHS-Bridging-Header.h"; sourceTree = SOURCE_ROOT; };
		C3AF94D51C13754900503DD4 /* 1logo@1x.png */ = {isa = PBXFileReference; lastKnownFileType = image.png; path = "1logo@1x.png"; sourceTree = "<group>"; };
		C3AF94D61C13754900503DD4 /* 1logo@2x.png */ = {isa = PBXFileReference; lastKnownFileType = image.png; path = "1logo@2x.png"; sourceTree = "<group>"; };
		C3AF94D71C13754900503DD4 /* 1logo@3x.png */ = {isa = PBXFileReference; lastKnownFileType = image.png; path = "1logo@3x.png"; sourceTree = "<group>"; };
		C3AF94DE1C13886B00503DD4 /* PowerSchoolVC.swift */ = {isa = PBXFileReference; fileEncoding = 4; lastKnownFileType = sourcecode.swift; path = PowerSchoolVC.swift; sourceTree = "<group>"; };
/* End PBXFileReference section */

/* Begin PBXFrameworksBuildPhase section */
		C3AF947F1C134BED00503DD4 /* Frameworks */ = {
			isa = PBXFrameworksBuildPhase;
			buildActionMask = 2147483647;
			files = (
				C3AF94CF1C134DB400503DD4 /* AudioToolbox.framework in Frameworks */,
				C3AF94CD1C134DAE00503DD4 /* CFNetwork.framework in Frameworks */,
				C3AF94CB1C134DA900503DD4 /* CoreGraphics.framework in Frameworks */,
				C3AF94C91C134DA300503DD4 /* CoreLocation.framework in Frameworks */,
				C3AF94C71C134D9E00503DD4 /* QuartzCore.framework in Frameworks */,
				C3AF94C51C134D9900503DD4 /* Security.framework in Frameworks */,
				C3AF94BD1C134D7300503DD4 /* SystemConfiguration.framework in Frameworks */,
				C3AF94C11C134D8300503DD4 /* libz.tbd in Frameworks */,
				C3AF94BF1C134D7B00503DD4 /* libsqlite3.tbd in Frameworks */,
				C3AF949D1C134C3F00503DD4 /* Parse.framework in Frameworks */,
				C3AF949C1C134C3F00503DD4 /* Bolts.framework in Frameworks */,
				ABA13A91103609894242BD95 /* Pods_RBHS.framework in Frameworks */,
			);
			runOnlyForDeploymentPostprocessing = 0;
		};
/* End PBXFrameworksBuildPhase section */

/* Begin PBXGroup section */
		0F1303E239EBD7201EABF307 /* Pods */ = {
			isa = PBXGroup;
			children = (
				7FEB3AE29932281E55E7ABC2 /* Pods-RBHS.debug.xcconfig */,
				9D0291FE08C622B2484BA748 /* Pods-RBHS.release.xcconfig */,
			);
			name = Pods;
			sourceTree = "<group>";
		};
		C3AF94791C134BEC00503DD4 = {
			isa = PBXGroup;
			children = (
				C3AF94841C134BED00503DD4 /* RBHS */,
				C3AF949E1C134C4600503DD4 /* Frameworks */,
				C3AF94831C134BED00503DD4 /* Products */,
				0F1303E239EBD7201EABF307 /* Pods */,
			);
			sourceTree = "<group>";
		};
		C3AF94831C134BED00503DD4 /* Products */ = {
			isa = PBXGroup;
			children = (
				C3AF94821C134BED00503DD4 /* RBHS.app */,
			);
			name = Products;
			sourceTree = "<group>";
		};
		C3AF94841C134BED00503DD4 /* RBHS */ = {
			isa = PBXGroup;
			children = (
				C3AF94A51C134CD100503DD4 /* rbLogo */,
				C3AF94851C134BED00503DD4 /* AppDelegate.swift */,
				C3AF94A61C134CF000503DD4 /* ScheduleVC.swift */,
				C31D85761C1DEC9000A94A6D /* ILTSelectorVC.swift */,
				C3AF94A71C134CF000503DD4 /* CategoryRow.swift */,
				C3AF94A81C134CF000503DD4 /* TeacherVC.swift */,
				8C92FA4A1C1C8BF80089D942 /* SplitViewController.swift */,
				8C92FA4C1C1C8CD80089D942 /* DetailViewController.swift */,
				C3AF94A91C134CF000503DD4 /* PointsVC.swift */,
				C3AF94AA1C134CF000503DD4 /* SchoolVC.swift */,
				C3AF94AB1C134CF000503DD4 /* HelpVC.swift */,
				C3AF94AC1C134CF000503DD4 /* HeaderCell.swift */,
				C3AF94AD1C134CF000503DD4 /* VideoCell.swift */,
				C3AF94AE1C134CF000503DD4 /* HelpNavbar.swift */,
				C3AF94AF1C134CF000503DD4 /* DetailPage.swift */,
				C3AF94B01C134CF000503DD4 /* HOSVC.swift */,
				C3AF94DE1C13886B00503DD4 /* PowerSchoolVC.swift */,
				C355DA851C16A11900E55D67 /* LoginVC.swift */,
				C3A5BF3D1C1FA0EF0056E562 /* scheduleModViewCell.swift */,
				C3AF94891C134BED00503DD4 /* Main.storyboard */,
				C3AF948F1C134BED00503DD4 /* Assets.xcassets */,
				C3AF94911C134BED00503DD4 /* LaunchScreen.storyboard */,
				C37DD45E1C1C7F8400AC4F41 /* GoogleService-Info.plist */,
				C3AF94941C134BED00503DD4 /* Info.plist */,
				C3AF948C1C134BED00503DD4 /* RBHS.xcdatamodeld */,
				C3AF94D21C1356AA00503DD4 /* RBHS-Bridging-Header.h */,
			);
			path = RBHS;
			sourceTree = "<group>";
		};
		C3AF949E1C134C4600503DD4 /* Frameworks */ = {
			isa = PBXGroup;
			children = (
				C3AF94CE1C134DB400503DD4 /* AudioToolbox.framework */,
				C3AF94CC1C134DAE00503DD4 /* CFNetwork.framework */,
				C3AF94CA1C134DA900503DD4 /* CoreGraphics.framework */,
				C3AF94C81C134DA300503DD4 /* CoreLocation.framework */,
				C3AF94C61C134D9E00503DD4 /* QuartzCore.framework */,
				C3AF94C41C134D9900503DD4 /* Security.framework */,
				C3AF94C01C134D8300503DD4 /* libz.tbd */,
				C3AF94BE1C134D7B00503DD4 /* libsqlite3.tbd */,
				C3AF94BC1C134D7300503DD4 /* SystemConfiguration.framework */,
				C3AF949A1C134C3F00503DD4 /* Bolts.framework */,
				C3AF949B1C134C3F00503DD4 /* Parse.framework */,
				A3DA24A152B6ED5BC3217529 /* Pods_RBHS.framework */,
			);
			name = Frameworks;
			sourceTree = "<group>";
		};
		C3AF94A51C134CD100503DD4 /* rbLogo */ = {
			isa = PBXGroup;
			children = (
				C3AF94D51C13754900503DD4 /* 1logo@1x.png */,
				C3AF94D61C13754900503DD4 /* 1logo@2x.png */,
				C3AF94D71C13754900503DD4 /* 1logo@3x.png */,
				C3AF949F1C134CCA00503DD4 /* schoolName@3x.png */,
				C3AF94A01C134CCA00503DD4 /* schoolName@2x.png */,
				C3AF94A11C134CCA00503DD4 /* schoolName@1x.png */,
			);
			name = rbLogo;
			sourceTree = "<group>";
		};
/* End PBXGroup section */

/* Begin PBXNativeTarget section */
		C3AF94811C134BED00503DD4 /* RBHS */ = {
			isa = PBXNativeTarget;
			buildConfigurationList = C3AF94971C134BED00503DD4 /* Build configuration list for PBXNativeTarget "RBHS" */;
			buildPhases = (
				4A323A1DFB6013618A6B2E93 /* Check Pods Manifest.lock */,
				C3AF947E1C134BED00503DD4 /* Sources */,
				C3AF947F1C134BED00503DD4 /* Frameworks */,
				C3AF94801C134BED00503DD4 /* Resources */,
				60285B8456214387476034D6 /* Embed Pods Frameworks */,
				91C3E8DF880FD6605913FBFF /* Copy Pods Resources */,
			);
			buildRules = (
			);
			dependencies = (
			);
			name = RBHS;
			productName = RBHS;
			productReference = C3AF94821C134BED00503DD4 /* RBHS.app */;
			productType = "com.apple.product-type.application";
		};
/* End PBXNativeTarget section */

/* Begin PBXProject section */
		C3AF947A1C134BED00503DD4 /* Project object */ = {
			isa = PBXProject;
			attributes = {
				LastSwiftUpdateCheck = 0710;
				LastUpgradeCheck = 0710;
				ORGANIZATIONNAME = "Coding Empire";
				TargetAttributes = {
					C3AF94811C134BED00503DD4 = {
						CreatedOnToolsVersion = 7.1.1;
						DevelopmentTeam = 4ZRYHWLP37;
						SystemCapabilities = {
							com.apple.InAppPurchase = {
								enabled = 0;
							};
						};
					};
				};
			};
			buildConfigurationList = C3AF947D1C134BED00503DD4 /* Build configuration list for PBXProject "RBHS" */;
			compatibilityVersion = "Xcode 3.2";
			developmentRegion = English;
			hasScannedForEncodings = 0;
			knownRegions = (
				en,
				Base,
			);
			mainGroup = C3AF94791C134BEC00503DD4;
			productRefGroup = C3AF94831C134BED00503DD4 /* Products */;
			projectDirPath = "";
			projectRoot = "";
			targets = (
				C3AF94811C134BED00503DD4 /* RBHS */,
			);
		};
/* End PBXProject section */

/* Begin PBXResourcesBuildPhase section */
		C3AF94801C134BED00503DD4 /* Resources */ = {
			isa = PBXResourcesBuildPhase;
			buildActionMask = 2147483647;
			files = (
				C3AF94A41C134CCA00503DD4 /* schoolName@1x.png in Resources */,
				C3AF94A21C134CCA00503DD4 /* schoolName@3x.png in Resources */,
				C3AF94D81C13754900503DD4 /* 1logo@1x.png in Resources */,
				C3AF94931C134BED00503DD4 /* LaunchScreen.storyboard in Resources */,
				C3AF94DA1C13754900503DD4 /* 1logo@3x.png in Resources */,
				C3AF94A31C134CCA00503DD4 /* schoolName@2x.png in Resources */,
				C3AF94901C134BED00503DD4 /* Assets.xcassets in Resources */,
				C37DD45F1C1C7F8400AC4F41 /* GoogleService-Info.plist in Resources */,
				C3AF948B1C134BED00503DD4 /* Main.storyboard in Resources */,
				C3AF94D91C13754900503DD4 /* 1logo@2x.png in Resources */,
			);
			runOnlyForDeploymentPostprocessing = 0;
		};
/* End PBXResourcesBuildPhase section */

/* Begin PBXShellScriptBuildPhase section */
		4A323A1DFB6013618A6B2E93 /* Check Pods Manifest.lock */ = {
			isa = PBXShellScriptBuildPhase;
			buildActionMask = 2147483647;
			files = (
			);
			inputPaths = (
			);
			name = "Check Pods Manifest.lock";
			outputPaths = (
			);
			runOnlyForDeploymentPostprocessing = 0;
			shellPath = /bin/sh;
			shellScript = "diff \"${PODS_ROOT}/../Podfile.lock\" \"${PODS_ROOT}/Manifest.lock\" > /dev/null\nif [[ $? != 0 ]] ; then\n    cat << EOM\nerror: The sandbox is not in sync with the Podfile.lock. Run 'pod install' or update your CocoaPods installation.\nEOM\n    exit 1\nfi\n";
			showEnvVarsInLog = 0;
		};
		60285B8456214387476034D6 /* Embed Pods Frameworks */ = {
			isa = PBXShellScriptBuildPhase;
			buildActionMask = 2147483647;
			files = (
			);
			inputPaths = (
			);
			name = "Embed Pods Frameworks";
			outputPaths = (
			);
			runOnlyForDeploymentPostprocessing = 0;
			shellPath = /bin/sh;
			shellScript = "\"${SRCROOT}/Pods/Target Support Files/Pods-RBHS/Pods-RBHS-frameworks.sh\"\n";
			showEnvVarsInLog = 0;
		};
		91C3E8DF880FD6605913FBFF /* Copy Pods Resources */ = {
			isa = PBXShellScriptBuildPhase;
			buildActionMask = 2147483647;
			files = (
			);
			inputPaths = (
			);
			name = "Copy Pods Resources";
			outputPaths = (
			);
			runOnlyForDeploymentPostprocessing = 0;
			shellPath = /bin/sh;
			shellScript = "\"${SRCROOT}/Pods/Target Support Files/Pods-RBHS/Pods-RBHS-resources.sh\"\n";
			showEnvVarsInLog = 0;
		};
/* End PBXShellScriptBuildPhase section */

/* Begin PBXSourcesBuildPhase section */
		C3AF947E1C134BED00503DD4 /* Sources */ = {
			isa = PBXSourcesBuildPhase;
			buildActionMask = 2147483647;
			files = (
				C3AF94861C134BED00503DD4 /* AppDelegate.swift in Sources */,
				8C92FA4D1C1C8CD80089D942 /* DetailViewController.swift in Sources */,
				C3AF94B61C134CF000503DD4 /* HelpVC.swift in Sources */,
				C3AF948E1C134BED00503DD4 /* RBHS.xcdatamodeld in Sources */,
				C3AF94BA1C134CF000503DD4 /* DetailPage.swift in Sources */,
				C3AF94B31C134CF000503DD4 /* TeacherVC.swift in Sources */,
				C3AF94B71C134CF000503DD4 /* HeaderCell.swift in Sources */,
				C3AF94BB1C134CF000503DD4 /* HOSVC.swift in Sources */,
				C3AF94B81C134CF000503DD4 /* VideoCell.swift in Sources */,
				C31D85771C1DEC9000A94A6D /* ILTSelectorVC.swift in Sources */,
				C3A5BF3E1C1FA0EF0056E562 /* scheduleModViewCell.swift in Sources */,
				C3AF94DF1C13886B00503DD4 /* PowerSchoolVC.swift in Sources */,
				C3AF94B21C134CF000503DD4 /* CategoryRow.swift in Sources */,
				C3AF94B11C134CF000503DD4 /* ScheduleVC.swift in Sources */,
				C3AF94B91C134CF000503DD4 /* HelpNavbar.swift in Sources */,
				C3AF94B51C134CF000503DD4 /* SchoolVC.swift in Sources */,
				C3AF94B41C134CF000503DD4 /* PointsVC.swift in Sources */,
				C355DA861C16A11900E55D67 /* LoginVC.swift in Sources */,
				8C92FA4B1C1C8BF80089D942 /* SplitViewController.swift in Sources */,
			);
			runOnlyForDeploymentPostprocessing = 0;
		};
/* End PBXSourcesBuildPhase section */

/* Begin PBXVariantGroup section */
		C3AF94891C134BED00503DD4 /* Main.storyboard */ = {
			isa = PBXVariantGroup;
			children = (
				C3AF948A1C134BED00503DD4 /* Base */,
			);
			name = Main.storyboard;
			sourceTree = "<group>";
		};
		C3AF94911C134BED00503DD4 /* LaunchScreen.storyboard */ = {
			isa = PBXVariantGroup;
			children = (
				C3AF94921C134BED00503DD4 /* Base */,
			);
			name = LaunchScreen.storyboard;
			sourceTree = "<group>";
		};
/* End PBXVariantGroup section */

/* Begin XCBuildConfiguration section */
		C3AF94951C134BED00503DD4 /* Debug */ = {
			isa = XCBuildConfiguration;
			buildSettings = {
				ALWAYS_SEARCH_USER_PATHS = NO;
				CLANG_CXX_LANGUAGE_STANDARD = "gnu++0x";
				CLANG_CXX_LIBRARY = "libc++";
				CLANG_ENABLE_MODULES = YES;
				CLANG_ENABLE_OBJC_ARC = YES;
				CLANG_WARN_BOOL_CONVERSION = YES;
				CLANG_WARN_CONSTANT_CONVERSION = YES;
				CLANG_WARN_DIRECT_OBJC_ISA_USAGE = YES_ERROR;
				CLANG_WARN_EMPTY_BODY = YES;
				CLANG_WARN_ENUM_CONVERSION = YES;
				CLANG_WARN_INT_CONVERSION = YES;
				CLANG_WARN_OBJC_ROOT_CLASS = YES_ERROR;
				CLANG_WARN_UNREACHABLE_CODE = YES;
				CLANG_WARN__DUPLICATE_METHOD_MATCH = YES;
				"CODE_SIGN_IDENTITY[sdk=iphoneos*]" = "iPhone Developer";
				COPY_PHASE_STRIP = NO;
				DEBUG_INFORMATION_FORMAT = dwarf;
				ENABLE_STRICT_OBJC_MSGSEND = YES;
				ENABLE_TESTABILITY = YES;
				GCC_C_LANGUAGE_STANDARD = gnu99;
				GCC_DYNAMIC_NO_PIC = NO;
				GCC_NO_COMMON_BLOCKS = YES;
				GCC_OPTIMIZATION_LEVEL = 0;
				GCC_PREPROCESSOR_DEFINITIONS = (
					"DEBUG=1",
					"$(inherited)",
				);
				GCC_WARN_64_TO_32_BIT_CONVERSION = YES;
				GCC_WARN_ABOUT_RETURN_TYPE = YES_ERROR;
				GCC_WARN_UNDECLARED_SELECTOR = YES;
				GCC_WARN_UNINITIALIZED_AUTOS = YES_AGGRESSIVE;
				GCC_WARN_UNUSED_FUNCTION = YES;
				GCC_WARN_UNUSED_VARIABLE = YES;
				IPHONEOS_DEPLOYMENT_TARGET = 9.1;
				MTL_ENABLE_DEBUG_INFO = YES;
				ONLY_ACTIVE_ARCH = YES;
				SDKROOT = iphoneos;
				SWIFT_OPTIMIZATION_LEVEL = "-Onone";
				TARGETED_DEVICE_FAMILY = "1,2";
			};
			name = Debug;
		};
		C3AF94961C134BED00503DD4 /* Release */ = {
			isa = XCBuildConfiguration;
			buildSettings = {
				ALWAYS_SEARCH_USER_PATHS = NO;
				CLANG_CXX_LANGUAGE_STANDARD = "gnu++0x";
				CLANG_CXX_LIBRARY = "libc++";
				CLANG_ENABLE_MODULES = YES;
				CLANG_ENABLE_OBJC_ARC = YES;
				CLANG_WARN_BOOL_CONVERSION = YES;
				CLANG_WARN_CONSTANT_CONVERSION = YES;
				CLANG_WARN_DIRECT_OBJC_ISA_USAGE = YES_ERROR;
				CLANG_WARN_EMPTY_BODY = YES;
				CLANG_WARN_ENUM_CONVERSION = YES;
				CLANG_WARN_INT_CONVERSION = YES;
				CLANG_WARN_OBJC_ROOT_CLASS = YES_ERROR;
				CLANG_WARN_UNREACHABLE_CODE = YES;
				CLANG_WARN__DUPLICATE_METHOD_MATCH = YES;
				"CODE_SIGN_IDENTITY[sdk=iphoneos*]" = "iPhone Developer";
				COPY_PHASE_STRIP = NO;
				DEBUG_INFORMATION_FORMAT = "dwarf-with-dsym";
				ENABLE_NS_ASSERTIONS = NO;
				ENABLE_STRICT_OBJC_MSGSEND = YES;
				GCC_C_LANGUAGE_STANDARD = gnu99;
				GCC_NO_COMMON_BLOCKS = YES;
				GCC_WARN_64_TO_32_BIT_CONVERSION = YES;
				GCC_WARN_ABOUT_RETURN_TYPE = YES_ERROR;
				GCC_WARN_UNDECLARED_SELECTOR = YES;
				GCC_WARN_UNINITIALIZED_AUTOS = YES_AGGRESSIVE;
				GCC_WARN_UNUSED_FUNCTION = YES;
				GCC_WARN_UNUSED_VARIABLE = YES;
				IPHONEOS_DEPLOYMENT_TARGET = 9.1;
				MTL_ENABLE_DEBUG_INFO = NO;
				SDKROOT = iphoneos;
				TARGETED_DEVICE_FAMILY = "1,2";
				VALIDATE_PRODUCT = YES;
			};
			name = Release;
		};
		C3AF94981C134BED00503DD4 /* Debug */ = {
			isa = XCBuildConfiguration;
			baseConfigurationReference = 7FEB3AE29932281E55E7ABC2 /* Pods-RBHS.debug.xcconfig */;
			buildSettings = {
				ASSETCATALOG_COMPILER_APPICON_NAME = AppIcon;
				CLANG_ENABLE_MODULES = YES;
				CODE_SIGN_IDENTITY = "iPhone Developer";
				ENABLE_BITCODE = NO;
				FRAMEWORK_SEARCH_PATHS = (
					"$(inherited)",
					"$(PROJECT_DIR)",
				);
				INFOPLIST_FILE = RBHS/Info.plist;
				IPHONEOS_DEPLOYMENT_TARGET = 9.0;
				LD_RUNPATH_SEARCH_PATHS = "$(inherited) @executable_path/Frameworks";
				PRODUCT_BUNDLE_IDENTIFIER = com.codingempire.riverbluffhub;
				PRODUCT_NAME = "$(TARGET_NAME)";
				SWIFT_OBJC_BRIDGING_HEADER = "RBHS-Bridging-Header.h";
				SWIFT_OPTIMIZATION_LEVEL = "-Onone";
			};
			name = Debug;
		};
		C3AF94991C134BED00503DD4 /* Release */ = {
			isa = XCBuildConfiguration;
			baseConfigurationReference = 9D0291FE08C622B2484BA748 /* Pods-RBHS.release.xcconfig */;
			buildSettings = {
				ASSETCATALOG_COMPILER_APPICON_NAME = AppIcon;
				CLANG_ENABLE_MODULES = YES;
				CODE_SIGN_IDENTITY = "iPhone Developer";
				ENABLE_BITCODE = NO;
				FRAMEWORK_SEARCH_PATHS = (
					"$(inherited)",
					"$(PROJECT_DIR)",
				);
				INFOPLIST_FILE = RBHS/Info.plist;
				IPHONEOS_DEPLOYMENT_TARGET = 9.0;
				LD_RUNPATH_SEARCH_PATHS = "$(inherited) @executable_path/Frameworks";
				PRODUCT_BUNDLE_IDENTIFIER = com.codingempire.riverbluffhub;
				PRODUCT_NAME = "$(TARGET_NAME)";
				SWIFT_OBJC_BRIDGING_HEADER = "RBHS-Bridging-Header.h";
			};
			name = Release;
		};
/* End XCBuildConfiguration section */

/* Begin XCConfigurationList section */
		C3AF947D1C134BED00503DD4 /* Build configuration list for PBXProject "RBHS" */ = {
			isa = XCConfigurationList;
			buildConfigurations = (
				C3AF94951C134BED00503DD4 /* Debug */,
				C3AF94961C134BED00503DD4 /* Release */,
			);
			defaultConfigurationIsVisible = 0;
			defaultConfigurationName = Release;
		};
		C3AF94971C134BED00503DD4 /* Build configuration list for PBXNativeTarget "RBHS" */ = {
			isa = XCConfigurationList;
			buildConfigurations = (
				C3AF94981C134BED00503DD4 /* Debug */,
				C3AF94991C134BED00503DD4 /* Release */,
			);
			defaultConfigurationIsVisible = 0;
			defaultConfigurationName = Release;
		};
/* End XCConfigurationList section */

/* Begin XCVersionGroup section */
		C3AF948C1C134BED00503DD4 /* RBHS.xcdatamodeld */ = {
			isa = XCVersionGroup;
			children = (
				C3AF948D1C134BED00503DD4 /* RBHS.xcdatamodel */,
			);
			currentVersion = C3AF948D1C134BED00503DD4 /* RBHS.xcdatamodel */;
			path = RBHS.xcdatamodeld;
			sourceTree = "<group>";
			versionGroupType = wrapper.xcdatamodel;
		};
/* End XCVersionGroup section */
	};
	rootObject = C3AF947A1C134BED00503DD4 /* Project object */;
}
